
Microsoft Visual Studio Solution File, Format Version 12.00
# Visual Studio Version 17
VisualStudioVersion = 17.6.33712.159
MinimumVisualStudioVersion = 10.0.40219.1
Project("{9A19103F-16F7-4668-BE54-9A1E7A4F7556}") = "TODOList.API", "TODOList.API\TODOList.API.csproj", "{1B0DB3A4-C3C1-4909-A324-F531AF2960EF}"
EndProject
Project("{FAE04EC0-301F-11D3-BF4B-00C04F79EFBC}") = "TodoList.Tests", "TodoList.Tests\TodoList.Tests.csproj", "{C83275D4-2A35-4D44-B8F4-CAEBC810E10C}"
EndProject
Global
	GlobalSection(SolutionConfigurationPlatforms) = preSolution
		Debug|Any CPU = Debug|Any CPU
		Release|Any CPU = Release|Any CPU
	EndGlobalSection
	GlobalSection(ProjectConfigurationPlatforms) = postSolution
		{1B0DB3A4-C3C1-4909-A324-F531AF2960EF}.Debug|Any CPU.ActiveCfg = Debug|Any CPU
		{1B0DB3A4-C3C1-4909-A324-F531AF2960EF}.Debug|Any CPU.Build.0 = Debug|Any CPU
		{1B0DB3A4-C3C1-4909-A324-F531AF2960EF}.Release|Any CPU.ActiveCfg = Release|Any CPU
		{1B0DB3A4-C3C1-4909-A324-F531AF2960EF}.Release|Any CPU.Build.0 = Release|Any CPU
		{C83275D4-2A35-4D44-B8F4-CAEBC810E10C}.Debug|Any CPU.ActiveCfg = Debug|Any CPU
		{C83275D4-2A35-4D44-B8F4-CAEBC810E10C}.Debug|Any CPU.Build.0 = Debug|Any CPU
		{C83275D4-2A35-4D44-B8F4-CAEBC810E10C}.Release|Any CPU.ActiveCfg = Release|Any CPU
		{C83275D4-2A35-4D44-B8F4-CAEBC810E10C}.Release|Any CPU.Build.0 = Release|Any CPU
	EndGlobalSection
	GlobalSection(SolutionProperties) = preSolution
		HideSolutionNode = FALSE
	EndGlobalSection
	GlobalSection(ExtensibilityGlobals) = postSolution
		SolutionGuid = {0996AD8C-5532-4A0D-A80C-4FE42EF2157E}
	EndGlobalSection
EndGlobal
